{
  "pins" : [
    {
      "identity" : "prebid-mobile-ios",
      "kind" : "remoteSourceControl",
      "location" : "https://github.com/prebid/prebid-mobile-ios.git",
      "state" : {
        "revision" : "180fa6fa828e5dc347d79bdb59a42b9fd4918d14",
        "version" : "2.5.1"
      }
    },
    {
      "identity" : "swift-package-manager-google-mobile-ads",
      "kind" : "remoteSourceControl",
      "location" : "https://github.com/googleads/swift-package-manager-google-mobile-ads.git",
      "state" : {
        "revision" : "7778cc1ab037c10dbbe026959e51e616bd961be9",
        "version" : "11.13.0"
      }
    },
    {
      "identity" : "swift-package-manager-google-user-messaging-platform",
      "kind" : "remoteSourceControl",
      "location" : "https://github.com/googleads/swift-package-manager-google-user-messaging-platform.git",
      "state" : {
        "revision" : "708a282840c2171ee63bd93b87afa49fe507d70e",
        "version" : "2.7.0"
      }
    }
  ],
  "version" : 2
}
